
Microsoft Visual Studio Solution File, Format Version 12.00
# Visual Studio 15
VisualStudioVersion = 15.0.26730.12
MinimumVisualStudioVersion = 10.0.40219.1
Project("{2150E333-8FDC-42A3-9474-1A3956D46DE8}") = "应用程序", "应用程序", "{8E6D7A5E-7FFC-4621-85DF-FFEB8526C950}"
EndProject
Project("{2150E333-8FDC-42A3-9474-1A3956D46DE8}") = "应用服务", "应用服务", "{3309C777-F32B-4CE0-BF81-241F68DE83E4}"
EndProject
Project("{2150E333-8FDC-42A3-9474-1A3956D46DE8}") = "应用类库", "应用类库", "{1098CC7F-A5DC-4776-809A-36E9DD66E5E1}"
EndProject
Project("{FAE04EC0-301F-11D3-BF4B-00C04F79EFBC}") = "Domain", "Domain\Domain.csproj", "{9DDCA0BB-B444-4B33-B996-D95AA134C753}"
EndProject
Project("{FAE04EC0-301F-11D3-BF4B-00C04F79EFBC}") = "Service", "Service\Service.csproj", "{704E008F-3F38-4921-A1D2-A49D91673CE3}"
EndProject
Project("{FAE04EC0-301F-11D3-BF4B-00C04F79EFBC}") = "Inventory.API", "Inventory.API\Inventory.API.csproj", "{6529105E-FF6A-450F-9B88-6C30E6760452}"
EndProject
Project("{FAE04EC0-301F-11D3-BF4B-00C04F79EFBC}") = "Common", "Common\Common.csproj", "{34CF61AA-3E6B-4A09-81F7-F3202D343BA9}"
EndProject
Global
	GlobalSection(SolutionConfigurationPlatforms) = preSolution
		Debug|Any CPU = Debug|Any CPU
		Release|Any CPU = Release|Any CPU
	EndGlobalSection
	GlobalSection(ProjectConfigurationPlatforms) = postSolution
		{9DDCA0BB-B444-4B33-B996-D95AA134C753}.Debug|Any CPU.ActiveCfg = Debug|Any CPU
		{9DDCA0BB-B444-4B33-B996-D95AA134C753}.Debug|Any CPU.Build.0 = Debug|Any CPU
		{9DDCA0BB-B444-4B33-B996-D95AA134C753}.Release|Any CPU.ActiveCfg = Release|Any CPU
		{9DDCA0BB-B444-4B33-B996-D95AA134C753}.Release|Any CPU.Build.0 = Release|Any CPU
		{704E008F-3F38-4921-A1D2-A49D91673CE3}.Debug|Any CPU.ActiveCfg = Debug|Any CPU
		{704E008F-3F38-4921-A1D2-A49D91673CE3}.Debug|Any CPU.Build.0 = Debug|Any CPU
		{704E008F-3F38-4921-A1D2-A49D91673CE3}.Release|Any CPU.ActiveCfg = Release|Any CPU
		{704E008F-3F38-4921-A1D2-A49D91673CE3}.Release|Any CPU.Build.0 = Release|Any CPU
		{6529105E-FF6A-450F-9B88-6C30E6760452}.Debug|Any CPU.ActiveCfg = Debug|Any CPU
		{6529105E-FF6A-450F-9B88-6C30E6760452}.Debug|Any CPU.Build.0 = Debug|Any CPU
		{6529105E-FF6A-450F-9B88-6C30E6760452}.Release|Any CPU.ActiveCfg = Release|Any CPU
		{6529105E-FF6A-450F-9B88-6C30E6760452}.Release|Any CPU.Build.0 = Release|Any CPU
		{34CF61AA-3E6B-4A09-81F7-F3202D343BA9}.Debug|Any CPU.ActiveCfg = Debug|Any CPU
		{34CF61AA-3E6B-4A09-81F7-F3202D343BA9}.Debug|Any CPU.Build.0 = Debug|Any CPU
		{34CF61AA-3E6B-4A09-81F7-F3202D343BA9}.Release|Any CPU.ActiveCfg = Release|Any CPU
		{34CF61AA-3E6B-4A09-81F7-F3202D343BA9}.Release|Any CPU.Build.0 = Release|Any CPU
	EndGlobalSection
	GlobalSection(SolutionProperties) = preSolution
		HideSolutionNode = FALSE
	EndGlobalSection
	GlobalSection(NestedProjects) = preSolution
		{9DDCA0BB-B444-4B33-B996-D95AA134C753} = {3309C777-F32B-4CE0-BF81-241F68DE83E4}
		{704E008F-3F38-4921-A1D2-A49D91673CE3} = {3309C777-F32B-4CE0-BF81-241F68DE83E4}
		{6529105E-FF6A-450F-9B88-6C30E6760452} = {8E6D7A5E-7FFC-4621-85DF-FFEB8526C950}
		{34CF61AA-3E6B-4A09-81F7-F3202D343BA9} = {1098CC7F-A5DC-4776-809A-36E9DD66E5E1}
	EndGlobalSection
	GlobalSection(ExtensibilityGlobals) = postSolution
		SolutionGuid = {4C249E60-B107-4400-960F-8C7319CCF6F6}
	EndGlobalSection
EndGlobal
